uuid: 63d04492-ba24-401a-a14f-28bf87ea6960
langcode: sv
status: true
dependencies:
  module:
    - eu_cookie_compliance
  theme:
    - b5subtheme
id: b5subtheme_eucookiecompliancebuttonblock
theme: b5subtheme
region: footer
weight: -4
provider: null
plugin: eu_cookie_compliance_button_block
settings:
  id: eu_cookie_compliance_button_block
  label: 'EU Cookie Compliance Button Block'
  label_display: '0'
  provider: eu_cookie_compliance
visibility: {  }
